// !$*UTF8*$!
{
	archiveVersion = 1;
	classes = {
	};
	objectVersion = 70;
	objects = {

/* Begin PBXBuildFile section */
		1F11AE8D2C1F45EB002195D2 /* TestSwfitAppTests.swift in Sources */ = {isa = PBXBuildFile; fileRef = 1F11AE8C2C1F45EB002195D2 /* TestSwfitAppTests.swift */; };
		1F11AE972C1F45EB002195D2 /* TestSwfitAppUITests.swift in Sources */ = {isa = PBXBuildFile; fileRef = 1F11AE962C1F45EB002195D2 /* TestSwfitAppUITests.swift */; };
		1F11AE992C1F45EB002195D2 /* TestSwfitAppUITestsLaunchTests.swift in Sources */ = {isa = PBXBuildFile; fileRef = 1F11AE982C1F45EB002195D2 /* TestSwfitAppUITestsLaunchTests.swift */; };
/* End PBXBuildFile section */

/* Begin PBXContainerItemProxy section */
		1F11AE892C1F45EB002195D2 /* PBXContainerItemProxy */ = {
			isa = PBXContainerItemProxy;
			containerPortal = 1F11AE702C1F45EA002195D2 /* Project object */;
			proxyType = 1;
			remoteGlobalIDString = 1F11AE772C1F45EA002195D2;
			remoteInfo = TestSwfitApp;
		};
		1F11AE932C1F45EB002195D2 /* PBXContainerItemProxy */ = {
			isa = PBXContainerItemProxy;
			containerPortal = 1F11AE702C1F45EA002195D2 /* Project object */;
			proxyType = 1;
			remoteGlobalIDString = 1F11AE772C1F45EA002195D2;
			remoteInfo = TestSwfitApp;
		};
/* End PBXContainerItemProxy section */

/* Begin PBXFileReference section */
		1F11AE8C2C1F45EB002195D2 /* TestSwfitAppTests.swift */ = {isa = PBXFileReference; lastKnownFileType = sourcecode.swift; path = TestSwfitAppTests.swift; sourceTree = "<group>"; };
		1F11AE962C1F45EB002195D2 /* TestSwfitAppUITests.swift */ = {isa = PBXFileReference; lastKnownFileType = sourcecode.swift; path = TestSwfitAppUITests.swift; sourceTree = "<group>"; };
		1F11AE982C1F45EB002195D2 /* TestSwfitAppUITestsLaunchTests.swift */ = {isa = PBXFileReference; lastKnownFileType = sourcecode.swift; path = TestSwfitAppUITestsLaunchTests.swift; sourceTree = "<group>"; };
		1F1494EA2C6FAB7100D81305 /* TestSwfitApp.app */ = {isa = PBXFileReference; explicitFileType = wrapper.application; includeInIndex = 0; path = TestSwfitApp.app; sourceTree = BUILT_PRODUCTS_DIR; };
		1F1494EB2C6FAB7100D81305 /* TestSwfitAppTests.xctest */ = {isa = PBXFileReference; explicitFileType = wrapper.cfbundle; includeInIndex = 0; path = TestSwfitAppTests.xctest; sourceTree = BUILT_PRODUCTS_DIR; };
		1F1494EC2C6FAB7100D81305 /* TestSwfitAppUITests.xctest */ = {isa = PBXFileReference; explicitFileType = wrapper.cfbundle; includeInIndex = 0; path = TestSwfitAppUITests.xctest; sourceTree = BUILT_PRODUCTS_DIR; };
/* End PBXFileReference section */

/* Begin PBXFileSystemSynchronizedBuildFileExceptionSet section */
		1F1494E92C6FAAA400D81305 /* PBXFileSystemSynchronizedBuildFileExceptionSet */ = {
			isa = PBXFileSystemSynchronizedBuildFileExceptionSet;
			membershipExceptions = (
				Assets.xcassets,
				TestSwfitAppApp.swift,
				"Views/ NavigatView.swift",
				Views/Button.swift,
				Views/Combine.swift,
				Views/ContentForm.swift,
				Views/ContentView.swift,
				Views/Environment.swift,
				Views/GridTest.swift,
				Views/Observ.swift,
				Views/ObservableObject.swift,
				"Views/Preview Content/Preview Assets.xcassets",
				Views/StateAcross.swift,
				Views/StateBind.swift,
				Views/StateObject.swift,
				Views/Storage.swift,
				Views/Text.swift,
			);
			target = 1F11AE772C1F45EA002195D2 /* TestSwfitApp */;
		};
/* End PBXFileSystemSynchronizedBuildFileExceptionSet section */

/* Begin PBXFileSystemSynchronizedRootGroup section */
		1F1494E02C6FAAA400D81305 /* TestSwfitApp */ = {isa = PBXFileSystemSynchronizedRootGroup; exceptions = (1F1494E92C6FAAA400D81305 /* PBXFileSystemSynchronizedBuildFileExceptionSet */, ); explicitFileTypes = {}; explicitFolders = (); path = TestSwfitApp; sourceTree = "<group>"; };
/* End PBXFileSystemSynchronizedRootGroup section */

/* Begin PBXFrameworksBuildPhase section */
		1F11AE752C1F45EA002195D2 /* Frameworks */ = {
			isa = PBXFrameworksBuildPhase;
			buildActionMask = 2147483647;
			files = (
			);
			runOnlyForDeploymentPostprocessing = 0;
		};
		1F11AE852C1F45EB002195D2 /* Frameworks */ = {
			isa = PBXFrameworksBuildPhase;
			buildActionMask = 2147483647;
			files = (
			);
			runOnlyForDeploymentPostprocessing = 0;
		};
		1F11AE8F2C1F45EB002195D2 /* Frameworks */ = {
			isa = PBXFrameworksBuildPhase;
			buildActionMask = 2147483647;
			files = (
			);
			runOnlyForDeploymentPostprocessing = 0;
		};
/* End PBXFrameworksBuildPhase section */

/* Begin PBXGroup section */
		1F11AE6F2C1F45EA002195D2 = {
			isa = PBXGroup;
			children = (
				1F11AE8B2C1F45EB002195D2 /* TestSwfitAppTests */,
				1F11AE952C1F45EB002195D2 /* TestSwfitAppUITests */,
				1F1494E02C6FAAA400D81305 /* TestSwfitApp */,
				1F1494EA2C6FAB7100D81305 /* TestSwfitApp.app */,
				1F1494EB2C6FAB7100D81305 /* TestSwfitAppTests.xctest */,
				1F1494EC2C6FAB7100D81305 /* TestSwfitAppUITests.xctest */,
			);
			sourceTree = "<group>";
		};
		1F11AE8B2C1F45EB002195D2 /* TestSwfitAppTests */ = {
			isa = PBXGroup;
			children = (
				1F11AE8C2C1F45EB002195D2 /* TestSwfitAppTests.swift */,
			);
			path = TestSwfitAppTests;
			sourceTree = "<group>";
		};
		1F11AE952C1F45EB002195D2 /* TestSwfitAppUITests */ = {
			isa = PBXGroup;
			children = (
				1F11AE962C1F45EB002195D2 /* TestSwfitAppUITests.swift */,
				1F11AE982C1F45EB002195D2 /* TestSwfitAppUITestsLaunchTests.swift */,
			);
			path = TestSwfitAppUITests;
			sourceTree = "<group>";
		};
/* End PBXGroup section */

/* Begin PBXNativeTarget section */
		1F11AE772C1F45EA002195D2 /* TestSwfitApp */ = {
			isa = PBXNativeTarget;
			buildConfigurationList = 1F11AE9C2C1F45EB002195D2 /* Build configuration list for PBXNativeTarget "TestSwfitApp" */;
			buildPhases = (
				1F11AE742C1F45EA002195D2 /* Sources */,
				1F11AE752C1F45EA002195D2 /* Frameworks */,
				1F11AE762C1F45EA002195D2 /* Resources */,
			);
			buildRules = (
			);
			dependencies = (
			);
			name = TestSwfitApp;
			productName = TestSwfitApp;
			productReference = 1F1494EA2C6FAB7100D81305 /* TestSwfitApp.app */;
			productType = "com.apple.product-type.application";
		};
		1F11AE872C1F45EB002195D2 /* TestSwfitAppTests */ = {
			isa = PBXNativeTarget;
			buildConfigurationList = 1F11AE9F2C1F45EB002195D2 /* Build configuration list for PBXNativeTarget "TestSwfitAppTests" */;
			buildPhases = (
				1F11AE842C1F45EB002195D2 /* Sources */,
				1F11AE852C1F45EB002195D2 /* Frameworks */,
				1F11AE862C1F45EB002195D2 /* Resources */,
			);
			buildRules = (
			);
			dependencies = (
				1F11AE8A2C1F45EB002195D2 /* PBXTargetDependency */,
			);
			name = TestSwfitAppTests;
			productName = TestSwfitAppTests;
			productReference = 1F1494EB2C6FAB7100D81305 /* TestSwfitAppTests.xctest */;
			productType = "com.apple.product-type.bundle.unit-test";
		};
		1F11AE912C1F45EB002195D2 /* TestSwfitAppUITests */ = {
			isa = PBXNativeTarget;
			buildConfigurationList = 1F11AEA22C1F45EB002195D2 /* Build configuration list for PBXNativeTarget "TestSwfitAppUITests" */;
			buildPhases = (
				1F11AE8E2C1F45EB002195D2 /* Sources */,
				1F11AE8F2C1F45EB002195D2 /* Frameworks */,
				1F11AE902C1F45EB002195D2 /* Resources */,
			);
			buildRules = (
			);
			dependencies = (
				1F11AE942C1F45EB002195D2 /* PBXTargetDependency */,
			);
			name = TestSwfitAppUITests;
			productName = TestSwfitAppUITests;
			productReference = 1F1494EC2C6FAB7100D81305 /* TestSwfitAppUITests.xctest */;
			productType = "com.apple.product-type.bundle.ui-testing";
		};
/* End PBXNativeTarget section */

/* Begin PBXProject section */
		1F11AE702C1F45EA002195D2 /* Project object */ = {
			isa = PBXProject;
			attributes = {
				BuildIndependentTargetsInParallel = 1;
				LastSwiftUpdateCheck = 1600;
				LastUpgradeCheck = 1600;
				TargetAttributes = {
					1F11AE772C1F45EA002195D2 = {
						CreatedOnToolsVersion = 16.0;
					};
					1F11AE872C1F45EB002195D2 = {
						CreatedOnToolsVersion = 16.0;
						TestTargetID = 1F11AE772C1F45EA002195D2;
					};
					1F11AE912C1F45EB002195D2 = {
						CreatedOnToolsVersion = 16.0;
						TestTargetID = 1F11AE772C1F45EA002195D2;
					};
				};
			};
			buildConfigurationList = 1F11AE732C1F45EA002195D2 /* Build configuration list for PBXProject "TestSwfitApp" */;
			compatibilityVersion = "Xcode 15.0";
			developmentRegion = en;
			hasScannedForEncodings = 0;
			knownRegions = (
				en,
				Base,
			);
			mainGroup = 1F11AE6F2C1F45EA002195D2;
			productRefGroup = 1F11AE6F2C1F45EA002195D2;
			projectDirPath = "";
			projectRoot = "";
			targets = (
				1F11AE772C1F45EA002195D2 /* TestSwfitApp */,
				1F11AE872C1F45EB002195D2 /* TestSwfitAppTests */,
				1F11AE912C1F45EB002195D2 /* TestSwfitAppUITests */,
			);
		};
/* End PBXProject section */

/* Begin PBXResourcesBuildPhase section */
		1F11AE762C1F45EA002195D2 /* Resources */ = {
			isa = PBXResourcesBuildPhase;
			buildActionMask = 2147483647;
			files = (
			);
			runOnlyForDeploymentPostprocessing = 0;
		};
		1F11AE862C1F45EB002195D2 /* Resources */ = {
			isa = PBXResourcesBuildPhase;
			buildActionMask = 2147483647;
			files = (
			);
			runOnlyForDeploymentPostprocessing = 0;
		};
		1F11AE902C1F45EB002195D2 /* Resources */ = {
			isa = PBXResourcesBuildPhase;
			buildActionMask = 2147483647;
			files = (
			);
			runOnlyForDeploymentPostprocessing = 0;
		};
/* End PBXResourcesBuildPhase section */

/* Begin PBXSourcesBuildPhase section */
		1F11AE742C1F45EA002195D2 /* Sources */ = {
			isa = PBXSourcesBuildPhase;
			buildActionMask = 2147483647;
			files = (
			);
			runOnlyForDeploymentPostprocessing = 0;
		};
		1F11AE842C1F45EB002195D2 /* Sources */ = {
			isa = PBXSourcesBuildPhase;
			buildActionMask = 2147483647;
			files = (
				1F11AE8D2C1F45EB002195D2 /* TestSwfitAppTests.swift in Sources */,
			);
			runOnlyForDeploymentPostprocessing = 0;
		};
		1F11AE8E2C1F45EB002195D2 /* Sources */ = {
			isa = PBXSourcesBuildPhase;
			buildActionMask = 2147483647;
			files = (
				1F11AE992C1F45EB002195D2 /* TestSwfitAppUITestsLaunchTests.swift in Sources */,
				1F11AE972C1F45EB002195D2 /* TestSwfitAppUITests.swift in Sources */,
			);
			runOnlyForDeploymentPostprocessing = 0;
		};
/* End PBXSourcesBuildPhase section */

/* Begin PBXTargetDependency section */
		1F11AE8A2C1F45EB002195D2 /* PBXTargetDependency */ = {
			isa = PBXTargetDependency;
			target = 1F11AE772C1F45EA002195D2 /* TestSwfitApp */;
			targetProxy = 1F11AE892C1F45EB002195D2 /* PBXContainerItemProxy */;
		};
		1F11AE942C1F45EB002195D2 /* PBXTargetDependency */ = {
			isa = PBXTargetDependency;
			target = 1F11AE772C1F45EA002195D2 /* TestSwfitApp */;
			targetProxy = 1F11AE932C1F45EB002195D2 /* PBXContainerItemProxy */;
		};
/* End PBXTargetDependency section */

/* Begin XCBuildConfiguration section */
		1F11AE9A2C1F45EB002195D2 /* Debug */ = {
			isa = XCBuildConfiguration;
			buildSettings = {
				ALWAYS_SEARCH_USER_PATHS = NO;
				ASSETCATALOG_COMPILER_GENERATE_SWIFT_ASSET_SYMBOL_EXTENSIONS = YES;
				CLANG_ANALYZER_NONNULL = YES;
				CLANG_ANALYZER_NUMBER_OBJECT_CONVERSION = YES_AGGRESSIVE;
				CLANG_CXX_LANGUAGE_STANDARD = "gnu++20";
				CLANG_ENABLE_MODULES = YES;
				CLANG_ENABLE_OBJC_ARC = YES;
				CLANG_ENABLE_OBJC_WEAK = YES;
				CLANG_WARN_BLOCK_CAPTURE_AUTORELEASING = YES;
				CLANG_WARN_BOOL_CONVERSION = YES;
				CLANG_WARN_COMMA = YES;
				CLANG_WARN_CONSTANT_CONVERSION = YES;
				CLANG_WARN_DEPRECATED_OBJC_IMPLEMENTATIONS = YES;
				CLANG_WARN_DIRECT_OBJC_ISA_USAGE = YES_ERROR;
				CLANG_WARN_DOCUMENTATION_COMMENTS = YES;
				CLANG_WARN_EMPTY_BODY = YES;
				CLANG_WARN_ENUM_CONVERSION = YES;
				CLANG_WARN_INFINITE_RECURSION = YES;
				CLANG_WARN_INT_CONVERSION = YES;
				CLANG_WARN_NON_LITERAL_NULL_CONVERSION = YES;
				CLANG_WARN_OBJC_IMPLICIT_RETAIN_SELF = YES;
				CLANG_WARN_OBJC_LITERAL_CONVERSION = YES;
				CLANG_WARN_OBJC_ROOT_CLASS = YES_ERROR;
				CLANG_WARN_QUOTED_INCLUDE_IN_FRAMEWORK_HEADER = YES;
				CLANG_WARN_RANGE_LOOP_ANALYSIS = YES;
				CLANG_WARN_STRICT_PROTOTYPES = YES;
				CLANG_WARN_SUSPICIOUS_MOVE = YES;
				CLANG_WARN_UNGUARDED_AVAILABILITY = YES_AGGRESSIVE;
				CLANG_WARN_UNREACHABLE_CODE = YES;
				CLANG_WARN__DUPLICATE_METHOD_MATCH = YES;
				COPY_PHASE_STRIP = NO;
				DEBUG_INFORMATION_FORMAT = dwarf;
				ENABLE_STRICT_OBJC_MSGSEND = YES;
				ENABLE_TESTABILITY = YES;
				ENABLE_USER_SCRIPT_SANDBOXING = YES;
				GCC_C_LANGUAGE_STANDARD = gnu17;
				GCC_DYNAMIC_NO_PIC = NO;
				GCC_NO_COMMON_BLOCKS = YES;
				GCC_OPTIMIZATION_LEVEL = 0;
				GCC_PREPROCESSOR_DEFINITIONS = (
					"DEBUG=1",
					"$(inherited)",
				);
				GCC_WARN_64_TO_32_BIT_CONVERSION = YES;
				GCC_WARN_ABOUT_RETURN_TYPE = YES_ERROR;
				GCC_WARN_UNDECLARED_SELECTOR = YES;
				GCC_WARN_UNINITIALIZED_AUTOS = YES_AGGRESSIVE;
				GCC_WARN_UNUSED_FUNCTION = YES;
				GCC_WARN_UNUSED_VARIABLE = YES;
				IPHONEOS_DEPLOYMENT_TARGET = 18.0;
				LOCALIZATION_PREFERS_STRING_CATALOGS = YES;
				MTL_ENABLE_DEBUG_INFO = INCLUDE_SOURCE;
				MTL_FAST_MATH = YES;
				ONLY_ACTIVE_ARCH = YES;
				SDKROOT = iphoneos;
				SWIFT_ACTIVE_COMPILATION_CONDITIONS = "DEBUG $(inherited)";
				SWIFT_OPTIMIZATION_LEVEL = "-Onone";
			};
			name = Debug;
		};
		1F11AE9B2C1F45EB002195D2 /* Release */ = {
			isa = XCBuildConfiguration;
			buildSettings = {
				ALWAYS_SEARCH_USER_PATHS = NO;
				ASSETCATALOG_COMPILER_GENERATE_SWIFT_ASSET_SYMBOL_EXTENSIONS = YES;
				CLANG_ANALYZER_NONNULL = YES;
				CLANG_ANALYZER_NUMBER_OBJECT_CONVERSION = YES_AGGRESSIVE;
				CLANG_CXX_LANGUAGE_STANDARD = "gnu++20";
				CLANG_ENABLE_MODULES = YES;
				CLANG_ENABLE_OBJC_ARC = YES;
				CLANG_ENABLE_OBJC_WEAK = YES;
				CLANG_WARN_BLOCK_CAPTURE_AUTORELEASING = YES;
				CLANG_WARN_BOOL_CONVERSION = YES;
				CLANG_WARN_COMMA = YES;
				CLANG_WARN_CONSTANT_CONVERSION = YES;
				CLANG_WARN_DEPRECATED_OBJC_IMPLEMENTATIONS = YES;
				CLANG_WARN_DIRECT_OBJC_ISA_USAGE = YES_ERROR;
				CLANG_WARN_DOCUMENTATION_COMMENTS = YES;
				CLANG_WARN_EMPTY_BODY = YES;
				CLANG_WARN_ENUM_CONVERSION = YES;
				CLANG_WARN_INFINITE_RECURSION = YES;
				CLANG_WARN_INT_CONVERSION = YES;
				CLANG_WARN_NON_LITERAL_NULL_CONVERSION = YES;
				CLANG_WARN_OBJC_IMPLICIT_RETAIN_SELF = YES;
				CLANG_WARN_OBJC_LITERAL_CONVERSION = YES;
				CLANG_WARN_OBJC_ROOT_CLASS = YES_ERROR;
				CLANG_WARN_QUOTED_INCLUDE_IN_FRAMEWORK_HEADER = YES;
				CLANG_WARN_RANGE_LOOP_ANALYSIS = YES;
				CLANG_WARN_STRICT_PROTOTYPES = YES;
				CLANG_WARN_SUSPICIOUS_MOVE = YES;
				CLANG_WARN_UNGUARDED_AVAILABILITY = YES_AGGRESSIVE;
				CLANG_WARN_UNREACHABLE_CODE = YES;
				CLANG_WARN__DUPLICATE_METHOD_MATCH = YES;
				COPY_PHASE_STRIP = NO;
				DEBUG_INFORMATION_FORMAT = "dwarf-with-dsym";
				ENABLE_NS_ASSERTIONS = NO;
				ENABLE_STRICT_OBJC_MSGSEND = YES;
				ENABLE_USER_SCRIPT_SANDBOXING = YES;
				GCC_C_LANGUAGE_STANDARD = gnu17;
				GCC_NO_COMMON_BLOCKS = YES;
				GCC_WARN_64_TO_32_BIT_CONVERSION = YES;
				GCC_WARN_ABOUT_RETURN_TYPE = YES_ERROR;
				GCC_WARN_UNDECLARED_SELECTOR = YES;
				GCC_WARN_UNINITIALIZED_AUTOS = YES_AGGRESSIVE;
				GCC_WARN_UNUSED_FUNCTION = YES;
				GCC_WARN_UNUSED_VARIABLE = YES;
				IPHONEOS_DEPLOYMENT_TARGET = 18.0;
				LOCALIZATION_PREFERS_STRING_CATALOGS = YES;
				MTL_ENABLE_DEBUG_INFO = NO;
				MTL_FAST_MATH = YES;
				SDKROOT = iphoneos;
				SWIFT_COMPILATION_MODE = wholemodule;
				VALIDATE_PRODUCT = YES;
			};
			name = Release;
		};
		1F11AE9D2C1F45EB002195D2 /* Debug */ = {
			isa = XCBuildConfiguration;
			buildSettings = {
				ASSETCATALOG_COMPILER_APPICON_NAME = AppIcon;
				ASSETCATALOG_COMPILER_GLOBAL_ACCENT_COLOR_NAME = AccentColor;
				CODE_SIGN_STYLE = Automatic;
				CURRENT_PROJECT_VERSION = 1;
				DEVELOPMENT_ASSET_PATHS = "\"TestSwfitApp/Preview Content\"";
				ENABLE_PREVIEWS = YES;
				GENERATE_INFOPLIST_FILE = YES;
				INFOPLIST_KEY_UIApplicationSceneManifest_Generation = YES;
				INFOPLIST_KEY_UIApplicationSupportsIndirectInputEvents = YES;
				INFOPLIST_KEY_UILaunchScreen_Generation = YES;
				INFOPLIST_KEY_UISupportedInterfaceOrientations_iPad = "UIInterfaceOrientationPortrait UIInterfaceOrientationPortraitUpsideDown UIInterfaceOrientationLandscapeLeft UIInterfaceOrientationLandscapeRight";
				INFOPLIST_KEY_UISupportedInterfaceOrientations_iPhone = "UIInterfaceOrientationPortrait UIInterfaceOrientationLandscapeLeft UIInterfaceOrientationLandscapeRight";
				LD_RUNPATH_SEARCH_PATHS = (
					"$(inherited)",
					"@executable_path/Frameworks",
				);
				MARKETING_VERSION = 1.0;
				PRODUCT_BUNDLE_IDENTIFIER = Afl.TestSwfitApp;
				PRODUCT_NAME = "$(TARGET_NAME)";
				SWIFT_EMIT_LOC_STRINGS = YES;
				SWIFT_VERSION = 5.0;
				TARGETED_DEVICE_FAMILY = "1,2";
			};
			name = Debug;
		};
		1F11AE9E2C1F45EB002195D2 /* Release */ = {
			isa = XCBuildConfiguration;
			buildSettings = {
				ASSETCATALOG_COMPILER_APPICON_NAME = AppIcon;
				ASSETCATALOG_COMPILER_GLOBAL_ACCENT_COLOR_NAME = AccentColor;
				CODE_SIGN_STYLE = Automatic;
				CURRENT_PROJECT_VERSION = 1;
				DEVELOPMENT_ASSET_PATHS = "\"TestSwfitApp/Preview Content\"";
				ENABLE_PREVIEWS = YES;
				GENERATE_INFOPLIST_FILE = YES;
				INFOPLIST_KEY_UIApplicationSceneManifest_Generation = YES;
				INFOPLIST_KEY_UIApplicationSupportsIndirectInputEvents = YES;
				INFOPLIST_KEY_UILaunchScreen_Generation = YES;
				INFOPLIST_KEY_UISupportedInterfaceOrientations_iPad = "UIInterfaceOrientationPortrait UIInterfaceOrientationPortraitUpsideDown UIInterfaceOrientationLandscapeLeft UIInterfaceOrientationLandscapeRight";
				INFOPLIST_KEY_UISupportedInterfaceOrientations_iPhone = "UIInterfaceOrientationPortrait UIInterfaceOrientationLandscapeLeft UIInterfaceOrientationLandscapeRight";
				LD_RUNPATH_SEARCH_PATHS = (
					"$(inherited)",
					"@executable_path/Frameworks",
				);
				MARKETING_VERSION = 1.0;
				PRODUCT_BUNDLE_IDENTIFIER = Afl.TestSwfitApp;
				PRODUCT_NAME = "$(TARGET_NAME)";
				SWIFT_EMIT_LOC_STRINGS = YES;
				SWIFT_VERSION = 5.0;
				TARGETED_DEVICE_FAMILY = "1,2";
			};
			name = Release;
		};
		1F11AEA02C1F45EB002195D2 /* Debug */ = {
			isa = XCBuildConfiguration;
			buildSettings = {
				BUNDLE_LOADER = "$(TEST_HOST)";
				CODE_SIGN_STYLE = Automatic;
				CURRENT_PROJECT_VERSION = 1;
				GENERATE_INFOPLIST_FILE = YES;
				IPHONEOS_DEPLOYMENT_TARGET = 18.0;
				MARKETING_VERSION = 1.0;
				PRODUCT_BUNDLE_IDENTIFIER = Afl.TestSwfitAppTests;
				PRODUCT_NAME = "$(TARGET_NAME)";
				SWIFT_EMIT_LOC_STRINGS = NO;
				SWIFT_VERSION = 5.0;
				TARGETED_DEVICE_FAMILY = "1,2";
				TEST_HOST = "$(BUILT_PRODUCTS_DIR)/TestSwfitApp.app/$(BUNDLE_EXECUTABLE_FOLDER_PATH)/TestSwfitApp";
			};
			name = Debug;
		};
		1F11AEA12C1F45EB002195D2 /* Release */ = {
			isa = XCBuildConfiguration;
			buildSettings = {
				BUNDLE_LOADER = "$(TEST_HOST)";
				CODE_SIGN_STYLE = Automatic;
				CURRENT_PROJECT_VERSION = 1;
				GENERATE_INFOPLIST_FILE = YES;
				IPHONEOS_DEPLOYMENT_TARGET = 18.0;
				MARKETING_VERSION = 1.0;
				PRODUCT_BUNDLE_IDENTIFIER = Afl.TestSwfitAppTests;
				PRODUCT_NAME = "$(TARGET_NAME)";
				SWIFT_EMIT_LOC_STRINGS = NO;
				SWIFT_VERSION = 5.0;
				TARGETED_DEVICE_FAMILY = "1,2";
				TEST_HOST = "$(BUILT_PRODUCTS_DIR)/TestSwfitApp.app/$(BUNDLE_EXECUTABLE_FOLDER_PATH)/TestSwfitApp";
			};
			name = Release;
		};
		1F11AEA32C1F45EB002195D2 /* Debug */ = {
			isa = XCBuildConfiguration;
			buildSettings = {
				CODE_SIGN_STYLE = Automatic;
				CURRENT_PROJECT_VERSION = 1;
				GENERATE_INFOPLIST_FILE = YES;
				MARKETING_VERSION = 1.0;
				PRODUCT_BUNDLE_IDENTIFIER = Afl.TestSwfitAppUITests;
				PRODUCT_NAME = "$(TARGET_NAME)";
				SWIFT_EMIT_LOC_STRINGS = NO;
				SWIFT_VERSION = 5.0;
				TARGETED_DEVICE_FAMILY = "1,2";
				TEST_TARGET_NAME = TestSwfitApp;
			};
			name = Debug;
		};
		1F11AEA42C1F45EB002195D2 /* Release */ = {
			isa = XCBuildConfiguration;
			buildSettings = {
				CODE_SIGN_STYLE = Automatic;
				CURRENT_PROJECT_VERSION = 1;
				GENERATE_INFOPLIST_FILE = YES;
				MARKETING_VERSION = 1.0;
				PRODUCT_BUNDLE_IDENTIFIER = Afl.TestSwfitAppUITests;
				PRODUCT_NAME = "$(TARGET_NAME)";
				SWIFT_EMIT_LOC_STRINGS = NO;
				SWIFT_VERSION = 5.0;
				TARGETED_DEVICE_FAMILY = "1,2";
				TEST_TARGET_NAME = TestSwfitApp;
			};
			name = Release;
		};
/* End XCBuildConfiguration section */

/* Begin XCConfigurationList section */
		1F11AE732C1F45EA002195D2 /* Build configuration list for PBXProject "TestSwfitApp" */ = {
			isa = XCConfigurationList;
			buildConfigurations = (
				1F11AE9A2C1F45EB002195D2 /* Debug */,
				1F11AE9B2C1F45EB002195D2 /* Release */,
			);
			defaultConfigurationIsVisible = 0;
			defaultConfigurationName = Release;
		};
		1F11AE9C2C1F45EB002195D2 /* Build configuration list for PBXNativeTarget "TestSwfitApp" */ = {
			isa = XCConfigurationList;
			buildConfigurations = (
				1F11AE9D2C1F45EB002195D2 /* Debug */,
				1F11AE9E2C1F45EB002195D2 /* Release */,
			);
			defaultConfigurationIsVisible = 0;
			defaultConfigurationName = Release;
		};
		1F11AE9F2C1F45EB002195D2 /* Build configuration list for PBXNativeTarget "TestSwfitAppTests" */ = {
			isa = XCConfigurationList;
			buildConfigurations = (
				1F11AEA02C1F45EB002195D2 /* Debug */,
				1F11AEA12C1F45EB002195D2 /* Release */,
			);
			defaultConfigurationIsVisible = 0;
			defaultConfigurationName = Release;
		};
		1F11AEA22C1F45EB002195D2 /* Build configuration list for PBXNativeTarget "TestSwfitAppUITests" */ = {
			isa = XCConfigurationList;
			buildConfigurations = (
				1F11AEA32C1F45EB002195D2 /* Debug */,
				1F11AEA42C1F45EB002195D2 /* Release */,
			);
			defaultConfigurationIsVisible = 0;
			defaultConfigurationName = Release;
		};
/* End XCConfigurationList section */
	};
	rootObject = 1F11AE702C1F45EA002195D2 /* Project object */;
}
